
Microsoft Visual Studio Solution File, Format Version 12.00
# Visual Studio Version 17
VisualStudioVersion = 17.8.34330.188
MinimumVisualStudioVersion = 10.0.40219.1
Project("{9A19103F-16F7-4668-BE54-9A1E7A4F7556}") = "findneedle", "findneedle\findneedle.csproj", "{F1247B27-4536-4F23-A439-3D7C4DFD2B2F}"
EndProject
Project("{9A19103F-16F7-4668-BE54-9A1E7A4F7556}") = "findneedletests", "findneedletests\findneedletests.csproj", "{D256D569-7AFA-4C9B-9131-1718F724DED3}"
EndProject
Project("{9A19103F-16F7-4668-BE54-9A1E7A4F7556}") = "FindNeedleUX", "FindNeedleUX\FindNeedleUX.csproj", "{0629BAA9-E600-46F6-B543-E1F5B5036A63}"
EndProject
Project("{2150E333-8FDC-42A3-9474-1A3956D46DE8}") = "CmdLine", "CmdLine", "{87881323-B720-49D3-BA9D-492AE6826764}"
EndProject
Project("{2150E333-8FDC-42A3-9474-1A3956D46DE8}") = "UX", "UX", "{F811014F-5DE9-4BC5-9156-2A9ECDDAD04A}"
EndProject
Project("{2150E333-8FDC-42A3-9474-1A3956D46DE8}") = "S1", "S1", "{CB8FEC85-44DB-4F89-8396-3D8A65633837}"
EndProject
Project("{2150E333-8FDC-42A3-9474-1A3956D46DE8}") = "Solution Items", "Solution Items", "{D255B8D6-F312-4C6A-B562-B8726F17055E}"
	ProjectSection(SolutionItems) = preProject
		.github\workflows\dotnet-desktop.yml = .github\workflows\dotnet-desktop.yml
	EndProjectSection
EndProject
Project("{FAE04EC0-301F-11D3-BF4B-00C04F79EFBC}") = "TestProcessorPlugin", "TestProcessorPlugin\TestProcessorPlugin.csproj", "{F4513D23-51ED-40DD-BA0A-DA24B44ECEA8}"
EndProject
Project("{2150E333-8FDC-42A3-9474-1A3956D46DE8}") = "Plugin", "Plugin", "{519943C1-326B-44D5-B1F0-D60C8F7529DE}"
EndProject
Project("{FAE04EC0-301F-11D3-BF4B-00C04F79EFBC}") = "FindNeedlePluginLib", "FindNeedlePluginLib\FindNeedlePluginLib.csproj", "{D4766407-0449-461D-B460-D50E93917BB0}"
EndProject
Project("{FAE04EC0-301F-11D3-BF4B-00C04F79EFBC}") = "FakeLoadPlugin", "FakeLoadPlugin\FakeLoadPlugin.csproj", "{09B8B4C9-2B6E-44CA-AC16-5091D23742E8}"
EndProject
Project("{2150E333-8FDC-42A3-9474-1A3956D46DE8}") = "Tests", "Tests", "{02EA681E-C7D8-13C7-8484-4AC65E1B71E8}"
EndProject
Project("{2150E333-8FDC-42A3-9474-1A3956D46DE8}") = "Core", "Core", "{F46641ED-A26F-458A-AE29-D443A2202A8F}"
EndProject
Project("{FAE04EC0-301F-11D3-BF4B-00C04F79EFBC}") = "FindPluginCore", "FindPluginCore\FindPluginCore.csproj", "{E7390D04-F74A-423D-8592-F8DF432DA002}"
EndProject
Project("{2150E333-8FDC-42A3-9474-1A3956D46DE8}") = "Tests", "Tests", "{A3D730CE-3284-492C-9D17-355495BF8E69}"
EndProject
Project("{FAE04EC0-301F-11D3-BF4B-00C04F79EFBC}") = "CoreTests", "CoreTests\CoreTests.csproj", "{368988DB-DC2C-41A7-9FE9-9B0C54BB5EBF}"
EndProject
Global
	GlobalSection(SolutionConfigurationPlatforms) = preSolution
		Debug|Any CPU = Debug|Any CPU
		Debug|x64 = Debug|x64
		Release|Any CPU = Release|Any CPU
		Release|x64 = Release|x64
	EndGlobalSection
	GlobalSection(ProjectConfigurationPlatforms) = postSolution
		{F1247B27-4536-4F23-A439-3D7C4DFD2B2F}.Debug|Any CPU.ActiveCfg = Debug|Any CPU
		{F1247B27-4536-4F23-A439-3D7C4DFD2B2F}.Debug|Any CPU.Build.0 = Debug|Any CPU
		{F1247B27-4536-4F23-A439-3D7C4DFD2B2F}.Debug|x64.ActiveCfg = Debug|Any CPU
		{F1247B27-4536-4F23-A439-3D7C4DFD2B2F}.Debug|x64.Build.0 = Debug|Any CPU
		{F1247B27-4536-4F23-A439-3D7C4DFD2B2F}.Release|Any CPU.ActiveCfg = Release|Any CPU
		{F1247B27-4536-4F23-A439-3D7C4DFD2B2F}.Release|Any CPU.Build.0 = Release|Any CPU
		{F1247B27-4536-4F23-A439-3D7C4DFD2B2F}.Release|x64.ActiveCfg = Release|Any CPU
		{F1247B27-4536-4F23-A439-3D7C4DFD2B2F}.Release|x64.Build.0 = Release|Any CPU
		{D256D569-7AFA-4C9B-9131-1718F724DED3}.Debug|Any CPU.ActiveCfg = Debug|x64
		{D256D569-7AFA-4C9B-9131-1718F724DED3}.Debug|Any CPU.Build.0 = Debug|x64
		{D256D569-7AFA-4C9B-9131-1718F724DED3}.Debug|x64.ActiveCfg = Debug|x64
		{D256D569-7AFA-4C9B-9131-1718F724DED3}.Debug|x64.Build.0 = Debug|x64
		{D256D569-7AFA-4C9B-9131-1718F724DED3}.Release|Any CPU.ActiveCfg = Release|x64
		{D256D569-7AFA-4C9B-9131-1718F724DED3}.Release|Any CPU.Build.0 = Release|x64
		{D256D569-7AFA-4C9B-9131-1718F724DED3}.Release|x64.ActiveCfg = Release|x64
		{D256D569-7AFA-4C9B-9131-1718F724DED3}.Release|x64.Build.0 = Release|x64
		{0629BAA9-E600-46F6-B543-E1F5B5036A63}.Debug|Any CPU.ActiveCfg = Debug|x64
		{0629BAA9-E600-46F6-B543-E1F5B5036A63}.Debug|Any CPU.Build.0 = Debug|x64
		{0629BAA9-E600-46F6-B543-E1F5B5036A63}.Debug|Any CPU.Deploy.0 = Debug|x64
		{0629BAA9-E600-46F6-B543-E1F5B5036A63}.Debug|x64.ActiveCfg = Debug|x64
		{0629BAA9-E600-46F6-B543-E1F5B5036A63}.Debug|x64.Build.0 = Debug|x64
		{0629BAA9-E600-46F6-B543-E1F5B5036A63}.Debug|x64.Deploy.0 = Debug|x64
		{0629BAA9-E600-46F6-B543-E1F5B5036A63}.Release|Any CPU.ActiveCfg = Release|x64
		{0629BAA9-E600-46F6-B543-E1F5B5036A63}.Release|Any CPU.Build.0 = Release|x64
		{0629BAA9-E600-46F6-B543-E1F5B5036A63}.Release|Any CPU.Deploy.0 = Release|x64
		{0629BAA9-E600-46F6-B543-E1F5B5036A63}.Release|x64.ActiveCfg = Release|x64
		{0629BAA9-E600-46F6-B543-E1F5B5036A63}.Release|x64.Build.0 = Release|x64
		{0629BAA9-E600-46F6-B543-E1F5B5036A63}.Release|x64.Deploy.0 = Release|x64
		{F4513D23-51ED-40DD-BA0A-DA24B44ECEA8}.Debug|Any CPU.ActiveCfg = Debug|Any CPU
		{F4513D23-51ED-40DD-BA0A-DA24B44ECEA8}.Debug|Any CPU.Build.0 = Debug|Any CPU
		{F4513D23-51ED-40DD-BA0A-DA24B44ECEA8}.Debug|x64.ActiveCfg = Debug|Any CPU
		{F4513D23-51ED-40DD-BA0A-DA24B44ECEA8}.Debug|x64.Build.0 = Debug|Any CPU
		{F4513D23-51ED-40DD-BA0A-DA24B44ECEA8}.Release|Any CPU.ActiveCfg = Release|Any CPU
		{F4513D23-51ED-40DD-BA0A-DA24B44ECEA8}.Release|Any CPU.Build.0 = Release|Any CPU
		{F4513D23-51ED-40DD-BA0A-DA24B44ECEA8}.Release|x64.ActiveCfg = Release|Any CPU
		{F4513D23-51ED-40DD-BA0A-DA24B44ECEA8}.Release|x64.Build.0 = Release|Any CPU
		{D4766407-0449-461D-B460-D50E93917BB0}.Debug|Any CPU.ActiveCfg = Debug|Any CPU
		{D4766407-0449-461D-B460-D50E93917BB0}.Debug|Any CPU.Build.0 = Debug|Any CPU
		{D4766407-0449-461D-B460-D50E93917BB0}.Debug|x64.ActiveCfg = Debug|Any CPU
		{D4766407-0449-461D-B460-D50E93917BB0}.Debug|x64.Build.0 = Debug|Any CPU
		{D4766407-0449-461D-B460-D50E93917BB0}.Release|Any CPU.ActiveCfg = Release|Any CPU
		{D4766407-0449-461D-B460-D50E93917BB0}.Release|Any CPU.Build.0 = Release|Any CPU
		{D4766407-0449-461D-B460-D50E93917BB0}.Release|x64.ActiveCfg = Release|Any CPU
		{D4766407-0449-461D-B460-D50E93917BB0}.Release|x64.Build.0 = Release|Any CPU
		{09B8B4C9-2B6E-44CA-AC16-5091D23742E8}.Debug|Any CPU.ActiveCfg = Debug|Any CPU
		{09B8B4C9-2B6E-44CA-AC16-5091D23742E8}.Debug|Any CPU.Build.0 = Debug|Any CPU
		{09B8B4C9-2B6E-44CA-AC16-5091D23742E8}.Debug|x64.ActiveCfg = Debug|Any CPU
		{09B8B4C9-2B6E-44CA-AC16-5091D23742E8}.Debug|x64.Build.0 = Debug|Any CPU
		{09B8B4C9-2B6E-44CA-AC16-5091D23742E8}.Release|Any CPU.ActiveCfg = Release|Any CPU
		{09B8B4C9-2B6E-44CA-AC16-5091D23742E8}.Release|Any CPU.Build.0 = Release|Any CPU
		{09B8B4C9-2B6E-44CA-AC16-5091D23742E8}.Release|x64.ActiveCfg = Release|Any CPU
		{09B8B4C9-2B6E-44CA-AC16-5091D23742E8}.Release|x64.Build.0 = Release|Any CPU
		{E7390D04-F74A-423D-8592-F8DF432DA002}.Debug|Any CPU.ActiveCfg = Debug|Any CPU
		{E7390D04-F74A-423D-8592-F8DF432DA002}.Debug|Any CPU.Build.0 = Debug|Any CPU
		{E7390D04-F74A-423D-8592-F8DF432DA002}.Debug|x64.ActiveCfg = Debug|Any CPU
		{E7390D04-F74A-423D-8592-F8DF432DA002}.Debug|x64.Build.0 = Debug|Any CPU
		{E7390D04-F74A-423D-8592-F8DF432DA002}.Release|Any CPU.ActiveCfg = Release|Any CPU
		{E7390D04-F74A-423D-8592-F8DF432DA002}.Release|Any CPU.Build.0 = Release|Any CPU
		{E7390D04-F74A-423D-8592-F8DF432DA002}.Release|x64.ActiveCfg = Release|Any CPU
		{E7390D04-F74A-423D-8592-F8DF432DA002}.Release|x64.Build.0 = Release|Any CPU
		{368988DB-DC2C-41A7-9FE9-9B0C54BB5EBF}.Debug|Any CPU.ActiveCfg = Debug|Any CPU
		{368988DB-DC2C-41A7-9FE9-9B0C54BB5EBF}.Debug|Any CPU.Build.0 = Debug|Any CPU
		{368988DB-DC2C-41A7-9FE9-9B0C54BB5EBF}.Debug|x64.ActiveCfg = Debug|Any CPU
		{368988DB-DC2C-41A7-9FE9-9B0C54BB5EBF}.Debug|x64.Build.0 = Debug|Any CPU
		{368988DB-DC2C-41A7-9FE9-9B0C54BB5EBF}.Release|Any CPU.ActiveCfg = Release|Any CPU
		{368988DB-DC2C-41A7-9FE9-9B0C54BB5EBF}.Release|Any CPU.Build.0 = Release|Any CPU
		{368988DB-DC2C-41A7-9FE9-9B0C54BB5EBF}.Release|x64.ActiveCfg = Release|Any CPU
		{368988DB-DC2C-41A7-9FE9-9B0C54BB5EBF}.Release|x64.Build.0 = Release|Any CPU
	EndGlobalSection
	GlobalSection(SolutionProperties) = preSolution
		HideSolutionNode = FALSE
	EndGlobalSection
	GlobalSection(NestedProjects) = preSolution
		{F1247B27-4536-4F23-A439-3D7C4DFD2B2F} = {87881323-B720-49D3-BA9D-492AE6826764}
		{D256D569-7AFA-4C9B-9131-1718F724DED3} = {02EA681E-C7D8-13C7-8484-4AC65E1B71E8}
		{0629BAA9-E600-46F6-B543-E1F5B5036A63} = {CB8FEC85-44DB-4F89-8396-3D8A65633837}
		{CB8FEC85-44DB-4F89-8396-3D8A65633837} = {F811014F-5DE9-4BC5-9156-2A9ECDDAD04A}
		{F4513D23-51ED-40DD-BA0A-DA24B44ECEA8} = {519943C1-326B-44D5-B1F0-D60C8F7529DE}
		{D4766407-0449-461D-B460-D50E93917BB0} = {F46641ED-A26F-458A-AE29-D443A2202A8F}
		{09B8B4C9-2B6E-44CA-AC16-5091D23742E8} = {87881323-B720-49D3-BA9D-492AE6826764}
		{02EA681E-C7D8-13C7-8484-4AC65E1B71E8} = {87881323-B720-49D3-BA9D-492AE6826764}
		{E7390D04-F74A-423D-8592-F8DF432DA002} = {F46641ED-A26F-458A-AE29-D443A2202A8F}
		{A3D730CE-3284-492C-9D17-355495BF8E69} = {F46641ED-A26F-458A-AE29-D443A2202A8F}
		{368988DB-DC2C-41A7-9FE9-9B0C54BB5EBF} = {A3D730CE-3284-492C-9D17-355495BF8E69}
	EndGlobalSection
	GlobalSection(ExtensibilityGlobals) = postSolution
		SolutionGuid = {C989A73E-0520-44CE-A96D-AA9B104EB86A}
	EndGlobalSection
EndGlobal
