
Microsoft Visual Studio Solution File, Format Version 12.00
# Visual Studio Version 17
VisualStudioVersion = 17.8.34330.188
MinimumVisualStudioVersion = 10.0.40219.1
Project("{9A19103F-16F7-4668-BE54-9A1E7A4F7556}") = "findneedle", "findneedle\findneedle.csproj", "{F1247B27-4536-4F23-A439-3D7C4DFD2B2F}"
EndProject
Project("{9A19103F-16F7-4668-BE54-9A1E7A4F7556}") = "findneedletests", "findneedletests\findneedletests.csproj", "{D256D569-7AFA-4C9B-9131-1718F724DED3}"
EndProject
Project("{9A19103F-16F7-4668-BE54-9A1E7A4F7556}") = "FindNeedleUX", "FindNeedleUX\FindNeedleUX.csproj", "{0629BAA9-E600-46F6-B543-E1F5B5036A63}"
EndProject
Project("{2150E333-8FDC-42A3-9474-1A3956D46DE8}") = "CmdLine", "CmdLine", "{87881323-B720-49D3-BA9D-492AE6826764}"
EndProject
Project("{2150E333-8FDC-42A3-9474-1A3956D46DE8}") = "UX", "UX", "{F811014F-5DE9-4BC5-9156-2A9ECDDAD04A}"
EndProject
Project("{2150E333-8FDC-42A3-9474-1A3956D46DE8}") = "S1", "S1", "{CB8FEC85-44DB-4F89-8396-3D8A65633837}"
EndProject
Project("{2150E333-8FDC-42A3-9474-1A3956D46DE8}") = "Solution Items", "Solution Items", "{D255B8D6-F312-4C6A-B562-B8726F17055E}"
	ProjectSection(SolutionItems) = preProject
		.github\workflows\dotnet-desktop.yml = .github\workflows\dotnet-desktop.yml
	EndProjectSection
EndProject
Project("{FAE04EC0-301F-11D3-BF4B-00C04F79EFBC}") = "TestProcessorPlugin", "TestProcessorPlugin\TestProcessorPlugin.csproj", "{F4513D23-51ED-40DD-BA0A-DA24B44ECEA8}"
EndProject
Project("{2150E333-8FDC-42A3-9474-1A3956D46DE8}") = "Plugins", "Plugins", "{519943C1-326B-44D5-B1F0-D60C8F7529DE}"
EndProject
Project("{FAE04EC0-301F-11D3-BF4B-00C04F79EFBC}") = "FindNeedlePluginLib", "FindNeedlePluginLib\FindNeedlePluginLib.csproj", "{D4766407-0449-461D-B460-D50E93917BB0}"
EndProject
Project("{FAE04EC0-301F-11D3-BF4B-00C04F79EFBC}") = "FakeLoadPlugin", "FakeLoadPlugin\FakeLoadPlugin.csproj", "{09B8B4C9-2B6E-44CA-AC16-5091D23742E8}"
EndProject
Project("{2150E333-8FDC-42A3-9474-1A3956D46DE8}") = "Tests", "Tests", "{02EA681E-C7D8-13C7-8484-4AC65E1B71E8}"
EndProject
Project("{2150E333-8FDC-42A3-9474-1A3956D46DE8}") = "Core", "Core", "{F46641ED-A26F-458A-AE29-D443A2202A8F}"
EndProject
Project("{FAE04EC0-301F-11D3-BF4B-00C04F79EFBC}") = "FindPluginCore", "FindPluginCore\FindPluginCore.csproj", "{E7390D04-F74A-423D-8592-F8DF432DA002}"
EndProject
Project("{2150E333-8FDC-42A3-9474-1A3956D46DE8}") = "Tests", "Tests", "{A3D730CE-3284-492C-9D17-355495BF8E69}"
EndProject
Project("{FAE04EC0-301F-11D3-BF4B-00C04F79EFBC}") = "CoreTests", "CoreTests\CoreTests.csproj", "{368988DB-DC2C-41A7-9FE9-9B0C54BB5EBF}"
EndProject
Project("{FAE04EC0-301F-11D3-BF4B-00C04F79EFBC}") = "ETWPlugin", "ETWPlugin\ETWPlugin.csproj", "{DA5254C2-EDD0-4A46-91C7-7A188834DBED}"
EndProject
Project("{FAE04EC0-301F-11D3-BF4B-00C04F79EFBC}") = "EventLogPlugin", "EventLogPlugin\EventLogPlugin.csproj", "{F84D9428-DB86-4284-94F1-0A462E8A5F5D}"
EndProject
Project("{FAE04EC0-301F-11D3-BF4B-00C04F79EFBC}") = "FindNeedleCoreUtils", "FindNeedleCoreUtils\FindNeedleCoreUtils.csproj", "{1F70E161-3972-4665-AD1A-776DC968E1F1}"
EndProject
Project("{2150E333-8FDC-42A3-9474-1A3956D46DE8}") = "ETW", "ETW", "{DF8F11B3-9E71-429F-9F08-224CF84BFCCE}"
EndProject
Project("{2150E333-8FDC-42A3-9474-1A3956D46DE8}") = "EventLog", "EventLog", "{202E94C1-F2A2-47EB-A26D-820A1A9345BF}"
EndProject
Project("{2150E333-8FDC-42A3-9474-1A3956D46DE8}") = "SamplePlugin", "SamplePlugin", "{3AEE0A1C-E8D5-4ACB-AC9D-34DE24E54427}"
EndProject
Project("{FAE04EC0-301F-11D3-BF4B-00C04F79EFBC}") = "ETWPluginTests", "ETWPluginTests\ETWPluginTests.csproj", "{D1F6868B-88C6-4B01-83BD-644E628A92C3}"
EndProject
Project("{2150E333-8FDC-42A3-9474-1A3956D46DE8}") = "UtilityApps", "UtilityApps", "{DF6A3F9D-7701-449D-8E71-B76A610F2D64}"
EndProject
Project("{FAE04EC0-301F-11D3-BF4B-00C04F79EFBC}") = "LogETWApp", "LogETWApp\LogETWApp.csproj", "{B5177BD1-86F3-4CC2-865C-5319C960B428}"
EndProject
Project("{FAE04EC0-301F-11D3-BF4B-00C04F79EFBC}") = "EventLogPluginTests", "EventLogPluginTests\EventLogPluginTests.csproj", "{1EA7C59D-3E7D-4A6C-A94D-80ED7988B5C3}"
EndProject
Project("{FAE04EC0-301F-11D3-BF4B-00C04F79EFBC}") = "ZipFilePlugin", "ZipFilePlugin\ZipFilePlugin.csproj", "{31D1B73D-C24D-4DC6-BDD1-59100DD531F9}"
EndProject
Project("{2150E333-8FDC-42A3-9474-1A3956D46DE8}") = "ZipFile", "ZipFile", "{73888C7A-4266-4559-AF01-D3719271035E}"
EndProject
Project("{FAE04EC0-301F-11D3-BF4B-00C04F79EFBC}") = "ZipFilePluginTests", "ZipFilePluginTests\ZipFilePluginTests.csproj", "{B933A1C0-CDF1-4262-9916-597ECA5AE240}"
EndProject
Project("{FAE04EC0-301F-11D3-BF4B-00C04F79EFBC}") = "BasicFiltersPlugin", "BasicFiltersPlugin\BasicFiltersPlugin.csproj", "{FBE85E18-3C56-4DF2-9D8E-CCAF444A59C8}"
EndProject
Project("{2150E333-8FDC-42A3-9474-1A3956D46DE8}") = "BasicFilters", "BasicFilters", "{5B35385E-2B55-4CE9-9125-C9425DF7C17D}"
EndProject
Project("{FAE04EC0-301F-11D3-BF4B-00C04F79EFBC}") = "BasicFiltersTests", "BasicFiltersTests\BasicFiltersTests.csproj", "{A5F51327-5474-4D38-B269-F5CE91DD490F}"
EndProject
Project("{2150E333-8FDC-42A3-9474-1A3956D46DE8}") = "BasicOutputs", "BasicOutputs", "{256A3EA6-6CBB-497F-B03C-C3D60741283C}"
EndProject
Project("{2150E333-8FDC-42A3-9474-1A3956D46DE8}") = "Watson", "Watson", "{7F566EEE-D719-4DB9-AB93-95A592485887}"
EndProject
Project("{FAE04EC0-301F-11D3-BF4B-00C04F79EFBC}") = "WatsonPlugin", "WatsonPlugin\WatsonPlugin.csproj", "{52673587-05E4-470B-9925-DC1EDCCC3946}"
EndProject
Project("{FAE04EC0-301F-11D3-BF4B-00C04F79EFBC}") = "WatsonPluginTests", "WatsonPluginTests\WatsonPluginTests.csproj", "{6F396451-78A7-417E-8B38-FCC9D3D77BB7}"
EndProject
Project("{FAE04EC0-301F-11D3-BF4B-00C04F79EFBC}") = "BasicOutputsPlugin", "BasicOutputsPlugin\BasicOutputsPlugin.csproj", "{B9AB2EDF-0242-4469-9270-5B8BAD5AF3FD}"
EndProject
Project("{FAE04EC0-301F-11D3-BF4B-00C04F79EFBC}") = "BasicOutputsTests", "BasicOutputsTests\BasicOutputsTests.csproj", "{82A3DF89-70DD-45E7-B885-B4AF96B930F0}"
EndProject
Project("{FAE04EC0-301F-11D3-BF4B-00C04F79EFBC}") = "SessionManagementProcessor", "SessionManagementProcessor\SessionManagementProcessor.csproj", "{35680610-89AE-4B5B-B14D-50FD7D7DC331}"
EndProject
Project("{2150E333-8FDC-42A3-9474-1A3956D46DE8}") = "SessionManagementPlugin", "SessionManagementPlugin", "{B4DF507C-CC80-4C54-9FAE-79F016659381}"
EndProject
Project("{2150E333-8FDC-42A3-9474-1A3956D46DE8}") = "Documentation", "Documentation", "{ECF94637-DCC1-4B5C-8C4F-260D8B11C1FF}"
EndProject
Project("{2150E333-8FDC-42A3-9474-1A3956D46DE8}") = "ExampleOutput", "ExampleOutput", "{D21B0103-2223-49E3-881A-29F37B8B2EC7}"
	ProjectSection(SolutionItems) = preProject
		Documentation\ExampleOutput\session.png = Documentation\ExampleOutput\session.png
		Documentation\ExampleOutput\session.pu = Documentation\ExampleOutput\session.pu
	EndProjectSection
EndProject
Global
	GlobalSection(SolutionConfigurationPlatforms) = preSolution
		Debug|Any CPU = Debug|Any CPU
		Debug|x64 = Debug|x64
		Release|Any CPU = Release|Any CPU
		Release|x64 = Release|x64
	EndGlobalSection
	GlobalSection(ProjectConfigurationPlatforms) = postSolution
		{F1247B27-4536-4F23-A439-3D7C4DFD2B2F}.Debug|Any CPU.ActiveCfg = Debug|Any CPU
		{F1247B27-4536-4F23-A439-3D7C4DFD2B2F}.Debug|Any CPU.Build.0 = Debug|Any CPU
		{F1247B27-4536-4F23-A439-3D7C4DFD2B2F}.Debug|x64.ActiveCfg = Debug|x64
		{F1247B27-4536-4F23-A439-3D7C4DFD2B2F}.Debug|x64.Build.0 = Debug|x64
		{F1247B27-4536-4F23-A439-3D7C4DFD2B2F}.Release|Any CPU.ActiveCfg = Release|Any CPU
		{F1247B27-4536-4F23-A439-3D7C4DFD2B2F}.Release|Any CPU.Build.0 = Release|Any CPU
		{F1247B27-4536-4F23-A439-3D7C4DFD2B2F}.Release|x64.ActiveCfg = Release|Any CPU
		{F1247B27-4536-4F23-A439-3D7C4DFD2B2F}.Release|x64.Build.0 = Release|Any CPU
		{D256D569-7AFA-4C9B-9131-1718F724DED3}.Debug|Any CPU.ActiveCfg = Debug|x64
		{D256D569-7AFA-4C9B-9131-1718F724DED3}.Debug|Any CPU.Build.0 = Debug|x64
		{D256D569-7AFA-4C9B-9131-1718F724DED3}.Debug|x64.ActiveCfg = Debug|x64
		{D256D569-7AFA-4C9B-9131-1718F724DED3}.Debug|x64.Build.0 = Debug|x64
		{D256D569-7AFA-4C9B-9131-1718F724DED3}.Release|Any CPU.ActiveCfg = Release|x64
		{D256D569-7AFA-4C9B-9131-1718F724DED3}.Release|Any CPU.Build.0 = Release|x64
		{D256D569-7AFA-4C9B-9131-1718F724DED3}.Release|x64.ActiveCfg = Release|x64
		{D256D569-7AFA-4C9B-9131-1718F724DED3}.Release|x64.Build.0 = Release|x64
		{0629BAA9-E600-46F6-B543-E1F5B5036A63}.Debug|Any CPU.ActiveCfg = Debug|x64
		{0629BAA9-E600-46F6-B543-E1F5B5036A63}.Debug|Any CPU.Build.0 = Debug|x64
		{0629BAA9-E600-46F6-B543-E1F5B5036A63}.Debug|Any CPU.Deploy.0 = Debug|x64
		{0629BAA9-E600-46F6-B543-E1F5B5036A63}.Debug|x64.ActiveCfg = Debug|x64
		{0629BAA9-E600-46F6-B543-E1F5B5036A63}.Debug|x64.Build.0 = Debug|x64
		{0629BAA9-E600-46F6-B543-E1F5B5036A63}.Debug|x64.Deploy.0 = Debug|x64
		{0629BAA9-E600-46F6-B543-E1F5B5036A63}.Release|Any CPU.ActiveCfg = Release|x64
		{0629BAA9-E600-46F6-B543-E1F5B5036A63}.Release|Any CPU.Build.0 = Release|x64
		{0629BAA9-E600-46F6-B543-E1F5B5036A63}.Release|Any CPU.Deploy.0 = Release|x64
		{0629BAA9-E600-46F6-B543-E1F5B5036A63}.Release|x64.ActiveCfg = Release|x64
		{0629BAA9-E600-46F6-B543-E1F5B5036A63}.Release|x64.Build.0 = Release|x64
		{0629BAA9-E600-46F6-B543-E1F5B5036A63}.Release|x64.Deploy.0 = Release|x64
		{F4513D23-51ED-40DD-BA0A-DA24B44ECEA8}.Debug|Any CPU.ActiveCfg = Debug|Any CPU
		{F4513D23-51ED-40DD-BA0A-DA24B44ECEA8}.Debug|Any CPU.Build.0 = Debug|Any CPU
		{F4513D23-51ED-40DD-BA0A-DA24B44ECEA8}.Debug|x64.ActiveCfg = Debug|x64
		{F4513D23-51ED-40DD-BA0A-DA24B44ECEA8}.Debug|x64.Build.0 = Debug|x64
		{F4513D23-51ED-40DD-BA0A-DA24B44ECEA8}.Release|Any CPU.ActiveCfg = Release|Any CPU
		{F4513D23-51ED-40DD-BA0A-DA24B44ECEA8}.Release|Any CPU.Build.0 = Release|Any CPU
		{F4513D23-51ED-40DD-BA0A-DA24B44ECEA8}.Release|x64.ActiveCfg = Release|Any CPU
		{F4513D23-51ED-40DD-BA0A-DA24B44ECEA8}.Release|x64.Build.0 = Release|Any CPU
		{D4766407-0449-461D-B460-D50E93917BB0}.Debug|Any CPU.ActiveCfg = Debug|Any CPU
		{D4766407-0449-461D-B460-D50E93917BB0}.Debug|Any CPU.Build.0 = Debug|Any CPU
		{D4766407-0449-461D-B460-D50E93917BB0}.Debug|x64.ActiveCfg = Debug|x64
		{D4766407-0449-461D-B460-D50E93917BB0}.Debug|x64.Build.0 = Debug|x64
		{D4766407-0449-461D-B460-D50E93917BB0}.Release|Any CPU.ActiveCfg = Release|Any CPU
		{D4766407-0449-461D-B460-D50E93917BB0}.Release|Any CPU.Build.0 = Release|Any CPU
		{D4766407-0449-461D-B460-D50E93917BB0}.Release|x64.ActiveCfg = Release|Any CPU
		{D4766407-0449-461D-B460-D50E93917BB0}.Release|x64.Build.0 = Release|Any CPU
		{09B8B4C9-2B6E-44CA-AC16-5091D23742E8}.Debug|Any CPU.ActiveCfg = Debug|Any CPU
		{09B8B4C9-2B6E-44CA-AC16-5091D23742E8}.Debug|Any CPU.Build.0 = Debug|Any CPU
		{09B8B4C9-2B6E-44CA-AC16-5091D23742E8}.Debug|x64.ActiveCfg = Debug|x64
		{09B8B4C9-2B6E-44CA-AC16-5091D23742E8}.Debug|x64.Build.0 = Debug|x64
		{09B8B4C9-2B6E-44CA-AC16-5091D23742E8}.Release|Any CPU.ActiveCfg = Release|Any CPU
		{09B8B4C9-2B6E-44CA-AC16-5091D23742E8}.Release|Any CPU.Build.0 = Release|Any CPU
		{09B8B4C9-2B6E-44CA-AC16-5091D23742E8}.Release|x64.ActiveCfg = Release|Any CPU
		{09B8B4C9-2B6E-44CA-AC16-5091D23742E8}.Release|x64.Build.0 = Release|Any CPU
		{E7390D04-F74A-423D-8592-F8DF432DA002}.Debug|Any CPU.ActiveCfg = Debug|Any CPU
		{E7390D04-F74A-423D-8592-F8DF432DA002}.Debug|Any CPU.Build.0 = Debug|Any CPU
		{E7390D04-F74A-423D-8592-F8DF432DA002}.Debug|x64.ActiveCfg = Debug|x64
		{E7390D04-F74A-423D-8592-F8DF432DA002}.Debug|x64.Build.0 = Debug|x64
		{E7390D04-F74A-423D-8592-F8DF432DA002}.Release|Any CPU.ActiveCfg = Release|Any CPU
		{E7390D04-F74A-423D-8592-F8DF432DA002}.Release|Any CPU.Build.0 = Release|Any CPU
		{E7390D04-F74A-423D-8592-F8DF432DA002}.Release|x64.ActiveCfg = Release|Any CPU
		{E7390D04-F74A-423D-8592-F8DF432DA002}.Release|x64.Build.0 = Release|Any CPU
		{368988DB-DC2C-41A7-9FE9-9B0C54BB5EBF}.Debug|Any CPU.ActiveCfg = Debug|x64
		{368988DB-DC2C-41A7-9FE9-9B0C54BB5EBF}.Debug|Any CPU.Build.0 = Debug|x64
		{368988DB-DC2C-41A7-9FE9-9B0C54BB5EBF}.Debug|x64.ActiveCfg = Debug|x64
		{368988DB-DC2C-41A7-9FE9-9B0C54BB5EBF}.Debug|x64.Build.0 = Debug|x64
		{368988DB-DC2C-41A7-9FE9-9B0C54BB5EBF}.Release|Any CPU.ActiveCfg = Release|x64
		{368988DB-DC2C-41A7-9FE9-9B0C54BB5EBF}.Release|Any CPU.Build.0 = Release|x64
		{368988DB-DC2C-41A7-9FE9-9B0C54BB5EBF}.Release|x64.ActiveCfg = Release|x64
		{368988DB-DC2C-41A7-9FE9-9B0C54BB5EBF}.Release|x64.Build.0 = Release|x64
		{DA5254C2-EDD0-4A46-91C7-7A188834DBED}.Debug|Any CPU.ActiveCfg = Debug|Any CPU
		{DA5254C2-EDD0-4A46-91C7-7A188834DBED}.Debug|Any CPU.Build.0 = Debug|Any CPU
		{DA5254C2-EDD0-4A46-91C7-7A188834DBED}.Debug|x64.ActiveCfg = Debug|x64
		{DA5254C2-EDD0-4A46-91C7-7A188834DBED}.Debug|x64.Build.0 = Debug|x64
		{DA5254C2-EDD0-4A46-91C7-7A188834DBED}.Release|Any CPU.ActiveCfg = Release|Any CPU
		{DA5254C2-EDD0-4A46-91C7-7A188834DBED}.Release|Any CPU.Build.0 = Release|Any CPU
		{DA5254C2-EDD0-4A46-91C7-7A188834DBED}.Release|x64.ActiveCfg = Release|Any CPU
		{DA5254C2-EDD0-4A46-91C7-7A188834DBED}.Release|x64.Build.0 = Release|Any CPU
		{F84D9428-DB86-4284-94F1-0A462E8A5F5D}.Debug|Any CPU.ActiveCfg = Debug|Any CPU
		{F84D9428-DB86-4284-94F1-0A462E8A5F5D}.Debug|Any CPU.Build.0 = Debug|Any CPU
		{F84D9428-DB86-4284-94F1-0A462E8A5F5D}.Debug|x64.ActiveCfg = Debug|x64
		{F84D9428-DB86-4284-94F1-0A462E8A5F5D}.Debug|x64.Build.0 = Debug|x64
		{F84D9428-DB86-4284-94F1-0A462E8A5F5D}.Release|Any CPU.ActiveCfg = Release|Any CPU
		{F84D9428-DB86-4284-94F1-0A462E8A5F5D}.Release|Any CPU.Build.0 = Release|Any CPU
		{F84D9428-DB86-4284-94F1-0A462E8A5F5D}.Release|x64.ActiveCfg = Release|Any CPU
		{F84D9428-DB86-4284-94F1-0A462E8A5F5D}.Release|x64.Build.0 = Release|Any CPU
		{1F70E161-3972-4665-AD1A-776DC968E1F1}.Debug|Any CPU.ActiveCfg = Debug|Any CPU
		{1F70E161-3972-4665-AD1A-776DC968E1F1}.Debug|Any CPU.Build.0 = Debug|Any CPU
		{1F70E161-3972-4665-AD1A-776DC968E1F1}.Debug|x64.ActiveCfg = Debug|x64
		{1F70E161-3972-4665-AD1A-776DC968E1F1}.Debug|x64.Build.0 = Debug|x64
		{1F70E161-3972-4665-AD1A-776DC968E1F1}.Release|Any CPU.ActiveCfg = Release|Any CPU
		{1F70E161-3972-4665-AD1A-776DC968E1F1}.Release|Any CPU.Build.0 = Release|Any CPU
		{1F70E161-3972-4665-AD1A-776DC968E1F1}.Release|x64.ActiveCfg = Release|Any CPU
		{1F70E161-3972-4665-AD1A-776DC968E1F1}.Release|x64.Build.0 = Release|Any CPU
		{D1F6868B-88C6-4B01-83BD-644E628A92C3}.Debug|Any CPU.ActiveCfg = Debug|x64
		{D1F6868B-88C6-4B01-83BD-644E628A92C3}.Debug|Any CPU.Build.0 = Debug|x64
		{D1F6868B-88C6-4B01-83BD-644E628A92C3}.Debug|x64.ActiveCfg = Debug|x64
		{D1F6868B-88C6-4B01-83BD-644E628A92C3}.Debug|x64.Build.0 = Debug|x64
		{D1F6868B-88C6-4B01-83BD-644E628A92C3}.Release|Any CPU.ActiveCfg = Release|x64
		{D1F6868B-88C6-4B01-83BD-644E628A92C3}.Release|Any CPU.Build.0 = Release|x64
		{D1F6868B-88C6-4B01-83BD-644E628A92C3}.Release|x64.ActiveCfg = Release|x64
		{D1F6868B-88C6-4B01-83BD-644E628A92C3}.Release|x64.Build.0 = Release|x64
		{B5177BD1-86F3-4CC2-865C-5319C960B428}.Debug|Any CPU.ActiveCfg = Debug|Any CPU
		{B5177BD1-86F3-4CC2-865C-5319C960B428}.Debug|Any CPU.Build.0 = Debug|Any CPU
		{B5177BD1-86F3-4CC2-865C-5319C960B428}.Debug|x64.ActiveCfg = Debug|x64
		{B5177BD1-86F3-4CC2-865C-5319C960B428}.Debug|x64.Build.0 = Debug|x64
		{B5177BD1-86F3-4CC2-865C-5319C960B428}.Release|Any CPU.ActiveCfg = Release|Any CPU
		{B5177BD1-86F3-4CC2-865C-5319C960B428}.Release|Any CPU.Build.0 = Release|Any CPU
		{B5177BD1-86F3-4CC2-865C-5319C960B428}.Release|x64.ActiveCfg = Release|Any CPU
		{B5177BD1-86F3-4CC2-865C-5319C960B428}.Release|x64.Build.0 = Release|Any CPU
		{1EA7C59D-3E7D-4A6C-A94D-80ED7988B5C3}.Debug|Any CPU.ActiveCfg = Debug|x64
		{1EA7C59D-3E7D-4A6C-A94D-80ED7988B5C3}.Debug|Any CPU.Build.0 = Debug|x64
		{1EA7C59D-3E7D-4A6C-A94D-80ED7988B5C3}.Debug|x64.ActiveCfg = Debug|x64
		{1EA7C59D-3E7D-4A6C-A94D-80ED7988B5C3}.Debug|x64.Build.0 = Debug|x64
		{1EA7C59D-3E7D-4A6C-A94D-80ED7988B5C3}.Release|Any CPU.ActiveCfg = Release|x64
		{1EA7C59D-3E7D-4A6C-A94D-80ED7988B5C3}.Release|Any CPU.Build.0 = Release|x64
		{1EA7C59D-3E7D-4A6C-A94D-80ED7988B5C3}.Release|x64.ActiveCfg = Release|x64
		{1EA7C59D-3E7D-4A6C-A94D-80ED7988B5C3}.Release|x64.Build.0 = Release|x64
		{31D1B73D-C24D-4DC6-BDD1-59100DD531F9}.Debug|Any CPU.ActiveCfg = Debug|Any CPU
		{31D1B73D-C24D-4DC6-BDD1-59100DD531F9}.Debug|Any CPU.Build.0 = Debug|Any CPU
		{31D1B73D-C24D-4DC6-BDD1-59100DD531F9}.Debug|x64.ActiveCfg = Debug|x64
		{31D1B73D-C24D-4DC6-BDD1-59100DD531F9}.Debug|x64.Build.0 = Debug|x64
		{31D1B73D-C24D-4DC6-BDD1-59100DD531F9}.Release|Any CPU.ActiveCfg = Release|Any CPU
		{31D1B73D-C24D-4DC6-BDD1-59100DD531F9}.Release|Any CPU.Build.0 = Release|Any CPU
		{31D1B73D-C24D-4DC6-BDD1-59100DD531F9}.Release|x64.ActiveCfg = Release|Any CPU
		{31D1B73D-C24D-4DC6-BDD1-59100DD531F9}.Release|x64.Build.0 = Release|Any CPU
		{B933A1C0-CDF1-4262-9916-597ECA5AE240}.Debug|Any CPU.ActiveCfg = Debug|x64
		{B933A1C0-CDF1-4262-9916-597ECA5AE240}.Debug|Any CPU.Build.0 = Debug|x64
		{B933A1C0-CDF1-4262-9916-597ECA5AE240}.Debug|x64.ActiveCfg = Debug|x64
		{B933A1C0-CDF1-4262-9916-597ECA5AE240}.Debug|x64.Build.0 = Debug|x64
		{B933A1C0-CDF1-4262-9916-597ECA5AE240}.Release|Any CPU.ActiveCfg = Release|x64
		{B933A1C0-CDF1-4262-9916-597ECA5AE240}.Release|Any CPU.Build.0 = Release|x64
		{B933A1C0-CDF1-4262-9916-597ECA5AE240}.Release|x64.ActiveCfg = Release|x64
		{B933A1C0-CDF1-4262-9916-597ECA5AE240}.Release|x64.Build.0 = Release|x64
		{FBE85E18-3C56-4DF2-9D8E-CCAF444A59C8}.Debug|Any CPU.ActiveCfg = Debug|Any CPU
		{FBE85E18-3C56-4DF2-9D8E-CCAF444A59C8}.Debug|Any CPU.Build.0 = Debug|Any CPU
		{FBE85E18-3C56-4DF2-9D8E-CCAF444A59C8}.Debug|x64.ActiveCfg = Debug|x64
		{FBE85E18-3C56-4DF2-9D8E-CCAF444A59C8}.Debug|x64.Build.0 = Debug|x64
		{FBE85E18-3C56-4DF2-9D8E-CCAF444A59C8}.Release|Any CPU.ActiveCfg = Release|Any CPU
		{FBE85E18-3C56-4DF2-9D8E-CCAF444A59C8}.Release|Any CPU.Build.0 = Release|Any CPU
		{FBE85E18-3C56-4DF2-9D8E-CCAF444A59C8}.Release|x64.ActiveCfg = Release|Any CPU
		{FBE85E18-3C56-4DF2-9D8E-CCAF444A59C8}.Release|x64.Build.0 = Release|Any CPU
		{A5F51327-5474-4D38-B269-F5CE91DD490F}.Debug|Any CPU.ActiveCfg = Debug|x64
		{A5F51327-5474-4D38-B269-F5CE91DD490F}.Debug|Any CPU.Build.0 = Debug|x64
		{A5F51327-5474-4D38-B269-F5CE91DD490F}.Debug|x64.ActiveCfg = Debug|x64
		{A5F51327-5474-4D38-B269-F5CE91DD490F}.Debug|x64.Build.0 = Debug|x64
		{A5F51327-5474-4D38-B269-F5CE91DD490F}.Release|Any CPU.ActiveCfg = Release|x64
		{A5F51327-5474-4D38-B269-F5CE91DD490F}.Release|Any CPU.Build.0 = Release|x64
		{A5F51327-5474-4D38-B269-F5CE91DD490F}.Release|x64.ActiveCfg = Release|x64
		{A5F51327-5474-4D38-B269-F5CE91DD490F}.Release|x64.Build.0 = Release|x64
		{52673587-05E4-470B-9925-DC1EDCCC3946}.Debug|Any CPU.ActiveCfg = Debug|Any CPU
		{52673587-05E4-470B-9925-DC1EDCCC3946}.Debug|Any CPU.Build.0 = Debug|Any CPU
		{52673587-05E4-470B-9925-DC1EDCCC3946}.Debug|x64.ActiveCfg = Debug|x64
		{52673587-05E4-470B-9925-DC1EDCCC3946}.Debug|x64.Build.0 = Debug|x64
		{52673587-05E4-470B-9925-DC1EDCCC3946}.Release|Any CPU.ActiveCfg = Release|Any CPU
		{52673587-05E4-470B-9925-DC1EDCCC3946}.Release|Any CPU.Build.0 = Release|Any CPU
		{52673587-05E4-470B-9925-DC1EDCCC3946}.Release|x64.ActiveCfg = Release|Any CPU
		{52673587-05E4-470B-9925-DC1EDCCC3946}.Release|x64.Build.0 = Release|Any CPU
		{6F396451-78A7-417E-8B38-FCC9D3D77BB7}.Debug|Any CPU.ActiveCfg = Debug|x64
		{6F396451-78A7-417E-8B38-FCC9D3D77BB7}.Debug|Any CPU.Build.0 = Debug|x64
		{6F396451-78A7-417E-8B38-FCC9D3D77BB7}.Debug|x64.ActiveCfg = Debug|x64
		{6F396451-78A7-417E-8B38-FCC9D3D77BB7}.Debug|x64.Build.0 = Debug|x64
		{6F396451-78A7-417E-8B38-FCC9D3D77BB7}.Release|Any CPU.ActiveCfg = Release|x64
		{6F396451-78A7-417E-8B38-FCC9D3D77BB7}.Release|Any CPU.Build.0 = Release|x64
		{6F396451-78A7-417E-8B38-FCC9D3D77BB7}.Release|x64.ActiveCfg = Release|x64
		{6F396451-78A7-417E-8B38-FCC9D3D77BB7}.Release|x64.Build.0 = Release|x64
		{B9AB2EDF-0242-4469-9270-5B8BAD5AF3FD}.Debug|Any CPU.ActiveCfg = Debug|Any CPU
		{B9AB2EDF-0242-4469-9270-5B8BAD5AF3FD}.Debug|Any CPU.Build.0 = Debug|Any CPU
		{B9AB2EDF-0242-4469-9270-5B8BAD5AF3FD}.Debug|x64.ActiveCfg = Debug|x64
		{B9AB2EDF-0242-4469-9270-5B8BAD5AF3FD}.Debug|x64.Build.0 = Debug|x64
		{B9AB2EDF-0242-4469-9270-5B8BAD5AF3FD}.Release|Any CPU.ActiveCfg = Release|Any CPU
		{B9AB2EDF-0242-4469-9270-5B8BAD5AF3FD}.Release|Any CPU.Build.0 = Release|Any CPU
		{B9AB2EDF-0242-4469-9270-5B8BAD5AF3FD}.Release|x64.ActiveCfg = Release|Any CPU
		{B9AB2EDF-0242-4469-9270-5B8BAD5AF3FD}.Release|x64.Build.0 = Release|Any CPU
		{82A3DF89-70DD-45E7-B885-B4AF96B930F0}.Debug|Any CPU.ActiveCfg = Debug|x64
		{82A3DF89-70DD-45E7-B885-B4AF96B930F0}.Debug|Any CPU.Build.0 = Debug|x64
		{82A3DF89-70DD-45E7-B885-B4AF96B930F0}.Debug|x64.ActiveCfg = Debug|x64
		{82A3DF89-70DD-45E7-B885-B4AF96B930F0}.Debug|x64.Build.0 = Debug|x64
		{82A3DF89-70DD-45E7-B885-B4AF96B930F0}.Release|Any CPU.ActiveCfg = Release|x64
		{82A3DF89-70DD-45E7-B885-B4AF96B930F0}.Release|Any CPU.Build.0 = Release|x64
		{82A3DF89-70DD-45E7-B885-B4AF96B930F0}.Release|x64.ActiveCfg = Release|x64
		{82A3DF89-70DD-45E7-B885-B4AF96B930F0}.Release|x64.Build.0 = Release|x64
		{35680610-89AE-4B5B-B14D-50FD7D7DC331}.Debug|Any CPU.ActiveCfg = Debug|Any CPU
		{35680610-89AE-4B5B-B14D-50FD7D7DC331}.Debug|Any CPU.Build.0 = Debug|Any CPU
		{35680610-89AE-4B5B-B14D-50FD7D7DC331}.Debug|x64.ActiveCfg = Debug|x64
		{35680610-89AE-4B5B-B14D-50FD7D7DC331}.Debug|x64.Build.0 = Debug|x64
		{35680610-89AE-4B5B-B14D-50FD7D7DC331}.Release|Any CPU.ActiveCfg = Release|Any CPU
		{35680610-89AE-4B5B-B14D-50FD7D7DC331}.Release|Any CPU.Build.0 = Release|Any CPU
		{35680610-89AE-4B5B-B14D-50FD7D7DC331}.Release|x64.ActiveCfg = Release|Any CPU
		{35680610-89AE-4B5B-B14D-50FD7D7DC331}.Release|x64.Build.0 = Release|Any CPU
	EndGlobalSection
	GlobalSection(SolutionProperties) = preSolution
		HideSolutionNode = FALSE
	EndGlobalSection
	GlobalSection(NestedProjects) = preSolution
		{F1247B27-4536-4F23-A439-3D7C4DFD2B2F} = {87881323-B720-49D3-BA9D-492AE6826764}
		{D256D569-7AFA-4C9B-9131-1718F724DED3} = {02EA681E-C7D8-13C7-8484-4AC65E1B71E8}
		{0629BAA9-E600-46F6-B543-E1F5B5036A63} = {CB8FEC85-44DB-4F89-8396-3D8A65633837}
		{CB8FEC85-44DB-4F89-8396-3D8A65633837} = {F811014F-5DE9-4BC5-9156-2A9ECDDAD04A}
		{F4513D23-51ED-40DD-BA0A-DA24B44ECEA8} = {3AEE0A1C-E8D5-4ACB-AC9D-34DE24E54427}
		{D4766407-0449-461D-B460-D50E93917BB0} = {F46641ED-A26F-458A-AE29-D443A2202A8F}
		{09B8B4C9-2B6E-44CA-AC16-5091D23742E8} = {87881323-B720-49D3-BA9D-492AE6826764}
		{02EA681E-C7D8-13C7-8484-4AC65E1B71E8} = {87881323-B720-49D3-BA9D-492AE6826764}
		{E7390D04-F74A-423D-8592-F8DF432DA002} = {F46641ED-A26F-458A-AE29-D443A2202A8F}
		{A3D730CE-3284-492C-9D17-355495BF8E69} = {F46641ED-A26F-458A-AE29-D443A2202A8F}
		{368988DB-DC2C-41A7-9FE9-9B0C54BB5EBF} = {A3D730CE-3284-492C-9D17-355495BF8E69}
		{DA5254C2-EDD0-4A46-91C7-7A188834DBED} = {DF8F11B3-9E71-429F-9F08-224CF84BFCCE}
		{F84D9428-DB86-4284-94F1-0A462E8A5F5D} = {202E94C1-F2A2-47EB-A26D-820A1A9345BF}
		{1F70E161-3972-4665-AD1A-776DC968E1F1} = {F46641ED-A26F-458A-AE29-D443A2202A8F}
		{DF8F11B3-9E71-429F-9F08-224CF84BFCCE} = {519943C1-326B-44D5-B1F0-D60C8F7529DE}
		{202E94C1-F2A2-47EB-A26D-820A1A9345BF} = {519943C1-326B-44D5-B1F0-D60C8F7529DE}
		{3AEE0A1C-E8D5-4ACB-AC9D-34DE24E54427} = {519943C1-326B-44D5-B1F0-D60C8F7529DE}
		{D1F6868B-88C6-4B01-83BD-644E628A92C3} = {DF8F11B3-9E71-429F-9F08-224CF84BFCCE}
		{B5177BD1-86F3-4CC2-865C-5319C960B428} = {DF6A3F9D-7701-449D-8E71-B76A610F2D64}
		{1EA7C59D-3E7D-4A6C-A94D-80ED7988B5C3} = {202E94C1-F2A2-47EB-A26D-820A1A9345BF}
		{31D1B73D-C24D-4DC6-BDD1-59100DD531F9} = {73888C7A-4266-4559-AF01-D3719271035E}
		{73888C7A-4266-4559-AF01-D3719271035E} = {519943C1-326B-44D5-B1F0-D60C8F7529DE}
		{B933A1C0-CDF1-4262-9916-597ECA5AE240} = {73888C7A-4266-4559-AF01-D3719271035E}
		{FBE85E18-3C56-4DF2-9D8E-CCAF444A59C8} = {5B35385E-2B55-4CE9-9125-C9425DF7C17D}
		{5B35385E-2B55-4CE9-9125-C9425DF7C17D} = {519943C1-326B-44D5-B1F0-D60C8F7529DE}
		{A5F51327-5474-4D38-B269-F5CE91DD490F} = {5B35385E-2B55-4CE9-9125-C9425DF7C17D}
		{256A3EA6-6CBB-497F-B03C-C3D60741283C} = {519943C1-326B-44D5-B1F0-D60C8F7529DE}
		{7F566EEE-D719-4DB9-AB93-95A592485887} = {519943C1-326B-44D5-B1F0-D60C8F7529DE}
		{52673587-05E4-470B-9925-DC1EDCCC3946} = {7F566EEE-D719-4DB9-AB93-95A592485887}
		{6F396451-78A7-417E-8B38-FCC9D3D77BB7} = {7F566EEE-D719-4DB9-AB93-95A592485887}
		{B9AB2EDF-0242-4469-9270-5B8BAD5AF3FD} = {256A3EA6-6CBB-497F-B03C-C3D60741283C}
		{82A3DF89-70DD-45E7-B885-B4AF96B930F0} = {256A3EA6-6CBB-497F-B03C-C3D60741283C}
		{35680610-89AE-4B5B-B14D-50FD7D7DC331} = {B4DF507C-CC80-4C54-9FAE-79F016659381}
		{B4DF507C-CC80-4C54-9FAE-79F016659381} = {519943C1-326B-44D5-B1F0-D60C8F7529DE}
		{D21B0103-2223-49E3-881A-29F37B8B2EC7} = {ECF94637-DCC1-4B5C-8C4F-260D8B11C1FF}
	EndGlobalSection
	GlobalSection(ExtensibilityGlobals) = postSolution
		SolutionGuid = {C989A73E-0520-44CE-A96D-AA9B104EB86A}
	EndGlobalSection
EndGlobal
