
Microsoft Visual Studio Solution File, Format Version 12.00
# Visual Studio Version 17
VisualStudioVersion = 17.8.34330.188
MinimumVisualStudioVersion = 10.0.40219.1
Project("{9A19103F-16F7-4668-BE54-9A1E7A4F7556}") = "findneedle", "findneedle\findneedle.csproj", "{F1247B27-4536-4F23-A439-3D7C4DFD2B2F}"
EndProject
Project("{9A19103F-16F7-4668-BE54-9A1E7A4F7556}") = "findneedletests", "findneedletests\findneedletests.csproj", "{D256D569-7AFA-4C9B-9131-1718F724DED3}"
EndProject
Project("{9A19103F-16F7-4668-BE54-9A1E7A4F7556}") = "FindNeedleUX", "FindNeedleUX\FindNeedleUX.csproj", "{0629BAA9-E600-46F6-B543-E1F5B5036A63}"
EndProject
Project("{2150E333-8FDC-42A3-9474-1A3956D46DE8}") = "CmdLine", "CmdLine", "{87881323-B720-49D3-BA9D-492AE6826764}"
EndProject
Project("{2150E333-8FDC-42A3-9474-1A3956D46DE8}") = "UX", "UX", "{F811014F-5DE9-4BC5-9156-2A9ECDDAD04A}"
EndProject
Project("{2150E333-8FDC-42A3-9474-1A3956D46DE8}") = "S1", "S1", "{CB8FEC85-44DB-4F89-8396-3D8A65633837}"
EndProject
Global
	GlobalSection(SolutionConfigurationPlatforms) = preSolution
		Debug|Any CPU = Debug|Any CPU
		Debug|x64 = Debug|x64
		Debug|x86 = Debug|x86
		Release|Any CPU = Release|Any CPU
		Release|x64 = Release|x64
		Release|x86 = Release|x86
	EndGlobalSection
	GlobalSection(ProjectConfigurationPlatforms) = postSolution
		{F1247B27-4536-4F23-A439-3D7C4DFD2B2F}.Debug|Any CPU.ActiveCfg = Debug|x86
		{F1247B27-4536-4F23-A439-3D7C4DFD2B2F}.Debug|Any CPU.Build.0 = Debug|x86
		{F1247B27-4536-4F23-A439-3D7C4DFD2B2F}.Debug|x64.ActiveCfg = Debug|Any CPU
		{F1247B27-4536-4F23-A439-3D7C4DFD2B2F}.Debug|x64.Build.0 = Debug|Any CPU
		{F1247B27-4536-4F23-A439-3D7C4DFD2B2F}.Debug|x86.ActiveCfg = Debug|Any CPU
		{F1247B27-4536-4F23-A439-3D7C4DFD2B2F}.Debug|x86.Build.0 = Debug|Any CPU
		{F1247B27-4536-4F23-A439-3D7C4DFD2B2F}.Release|Any CPU.ActiveCfg = Release|Any CPU
		{F1247B27-4536-4F23-A439-3D7C4DFD2B2F}.Release|Any CPU.Build.0 = Release|Any CPU
		{F1247B27-4536-4F23-A439-3D7C4DFD2B2F}.Release|x64.ActiveCfg = Release|Any CPU
		{F1247B27-4536-4F23-A439-3D7C4DFD2B2F}.Release|x64.Build.0 = Release|Any CPU
		{F1247B27-4536-4F23-A439-3D7C4DFD2B2F}.Release|x86.ActiveCfg = Release|x86
		{F1247B27-4536-4F23-A439-3D7C4DFD2B2F}.Release|x86.Build.0 = Release|x86
		{D256D569-7AFA-4C9B-9131-1718F724DED3}.Debug|Any CPU.ActiveCfg = Debug|x64
		{D256D569-7AFA-4C9B-9131-1718F724DED3}.Debug|Any CPU.Build.0 = Debug|x64
		{D256D569-7AFA-4C9B-9131-1718F724DED3}.Debug|x64.ActiveCfg = Debug|x64
		{D256D569-7AFA-4C9B-9131-1718F724DED3}.Debug|x64.Build.0 = Debug|x64
		{D256D569-7AFA-4C9B-9131-1718F724DED3}.Debug|x86.ActiveCfg = Debug|x86
		{D256D569-7AFA-4C9B-9131-1718F724DED3}.Debug|x86.Build.0 = Debug|x86
		{D256D569-7AFA-4C9B-9131-1718F724DED3}.Release|Any CPU.ActiveCfg = Release|Any CPU
		{D256D569-7AFA-4C9B-9131-1718F724DED3}.Release|Any CPU.Build.0 = Release|Any CPU
		{D256D569-7AFA-4C9B-9131-1718F724DED3}.Release|x64.ActiveCfg = Release|x64
		{D256D569-7AFA-4C9B-9131-1718F724DED3}.Release|x64.Build.0 = Release|x64
		{D256D569-7AFA-4C9B-9131-1718F724DED3}.Release|x86.ActiveCfg = Release|Any CPU
		{D256D569-7AFA-4C9B-9131-1718F724DED3}.Release|x86.Build.0 = Release|Any CPU
		{0629BAA9-E600-46F6-B543-E1F5B5036A63}.Debug|Any CPU.ActiveCfg = Debug|Any CPU
		{0629BAA9-E600-46F6-B543-E1F5B5036A63}.Debug|Any CPU.Build.0 = Debug|Any CPU
		{0629BAA9-E600-46F6-B543-E1F5B5036A63}.Debug|Any CPU.Deploy.0 = Debug|Any CPU
		{0629BAA9-E600-46F6-B543-E1F5B5036A63}.Debug|x64.ActiveCfg = Debug|x64
		{0629BAA9-E600-46F6-B543-E1F5B5036A63}.Debug|x64.Build.0 = Debug|x64
		{0629BAA9-E600-46F6-B543-E1F5B5036A63}.Debug|x64.Deploy.0 = Debug|x64
		{0629BAA9-E600-46F6-B543-E1F5B5036A63}.Debug|x86.ActiveCfg = Debug|x86
		{0629BAA9-E600-46F6-B543-E1F5B5036A63}.Debug|x86.Build.0 = Debug|x86
		{0629BAA9-E600-46F6-B543-E1F5B5036A63}.Debug|x86.Deploy.0 = Debug|x86
		{0629BAA9-E600-46F6-B543-E1F5B5036A63}.Release|Any CPU.ActiveCfg = Release|x64
		{0629BAA9-E600-46F6-B543-E1F5B5036A63}.Release|Any CPU.Build.0 = Release|x64
		{0629BAA9-E600-46F6-B543-E1F5B5036A63}.Release|Any CPU.Deploy.0 = Release|x64
		{0629BAA9-E600-46F6-B543-E1F5B5036A63}.Release|x64.ActiveCfg = Release|x64
		{0629BAA9-E600-46F6-B543-E1F5B5036A63}.Release|x64.Build.0 = Release|x64
		{0629BAA9-E600-46F6-B543-E1F5B5036A63}.Release|x64.Deploy.0 = Release|x64
		{0629BAA9-E600-46F6-B543-E1F5B5036A63}.Release|x86.ActiveCfg = Release|x86
		{0629BAA9-E600-46F6-B543-E1F5B5036A63}.Release|x86.Build.0 = Release|x86
		{0629BAA9-E600-46F6-B543-E1F5B5036A63}.Release|x86.Deploy.0 = Release|x86
	EndGlobalSection
	GlobalSection(SolutionProperties) = preSolution
		HideSolutionNode = FALSE
	EndGlobalSection
	GlobalSection(NestedProjects) = preSolution
		{F1247B27-4536-4F23-A439-3D7C4DFD2B2F} = {87881323-B720-49D3-BA9D-492AE6826764}
		{D256D569-7AFA-4C9B-9131-1718F724DED3} = {87881323-B720-49D3-BA9D-492AE6826764}
		{0629BAA9-E600-46F6-B543-E1F5B5036A63} = {CB8FEC85-44DB-4F89-8396-3D8A65633837}
		{CB8FEC85-44DB-4F89-8396-3D8A65633837} = {F811014F-5DE9-4BC5-9156-2A9ECDDAD04A}
	EndGlobalSection
	GlobalSection(ExtensibilityGlobals) = postSolution
		SolutionGuid = {C989A73E-0520-44CE-A96D-AA9B104EB86A}
	EndGlobalSection
EndGlobal
